
Microsoft Visual Studio Solution File, Format Version 12.00
# Visual Studio Version 17
VisualStudioVersion = 17.10.34928.147
MinimumVisualStudioVersion = 10.0.40219.1
Project("{FAE04EC0-301F-11D3-BF4B-00C04F79EFBC}") = "DesignPatterns", "DesignPatterns\DesignPatterns.csproj", "{238E6689-A7D3-42D7-8A69-79EFEF10F6AB}"
EndProject
Project("{FAE04EC0-301F-11D3-BF4B-00C04F79EFBC}") = "Factory", "Factory\Factory.csproj", "{1F684C35-74B9-4FBC-8CD1-3B1A8FC9AA5F}"
EndProject
Project("{FAE04EC0-301F-11D3-BF4B-00C04F79EFBC}") = "Builder", "Builder\Builder.csproj", "{AED273C8-24F7-46CF-9685-F79B9B797416}"
EndProject
Project("{FAE04EC0-301F-11D3-BF4B-00C04F79EFBC}") = "Decorator", "Decorator\Decorator.csproj", "{3B2F9B5A-06B0-4457-9FC3-6D680C902FD2}"
EndProject
Global
	GlobalSection(SolutionConfigurationPlatforms) = preSolution
		Debug|Any CPU = Debug|Any CPU
		Release|Any CPU = Release|Any CPU
	EndGlobalSection
	GlobalSection(ProjectConfigurationPlatforms) = postSolution
		{238E6689-A7D3-42D7-8A69-79EFEF10F6AB}.Debug|Any CPU.ActiveCfg = Debug|Any CPU
		{238E6689-A7D3-42D7-8A69-79EFEF10F6AB}.Debug|Any CPU.Build.0 = Debug|Any CPU
		{238E6689-A7D3-42D7-8A69-79EFEF10F6AB}.Release|Any CPU.ActiveCfg = Release|Any CPU
		{238E6689-A7D3-42D7-8A69-79EFEF10F6AB}.Release|Any CPU.Build.0 = Release|Any CPU
		{1F684C35-74B9-4FBC-8CD1-3B1A8FC9AA5F}.Debug|Any CPU.ActiveCfg = Debug|Any CPU
		{1F684C35-74B9-4FBC-8CD1-3B1A8FC9AA5F}.Debug|Any CPU.Build.0 = Debug|Any CPU
		{1F684C35-74B9-4FBC-8CD1-3B1A8FC9AA5F}.Release|Any CPU.ActiveCfg = Release|Any CPU
		{1F684C35-74B9-4FBC-8CD1-3B1A8FC9AA5F}.Release|Any CPU.Build.0 = Release|Any CPU
		{AED273C8-24F7-46CF-9685-F79B9B797416}.Debug|Any CPU.ActiveCfg = Debug|Any CPU
		{AED273C8-24F7-46CF-9685-F79B9B797416}.Debug|Any CPU.Build.0 = Debug|Any CPU
		{AED273C8-24F7-46CF-9685-F79B9B797416}.Release|Any CPU.ActiveCfg = Release|Any CPU
		{AED273C8-24F7-46CF-9685-F79B9B797416}.Release|Any CPU.Build.0 = Release|Any CPU
		{3B2F9B5A-06B0-4457-9FC3-6D680C902FD2}.Debug|Any CPU.ActiveCfg = Debug|Any CPU
		{3B2F9B5A-06B0-4457-9FC3-6D680C902FD2}.Debug|Any CPU.Build.0 = Debug|Any CPU
		{3B2F9B5A-06B0-4457-9FC3-6D680C902FD2}.Release|Any CPU.ActiveCfg = Release|Any CPU
		{3B2F9B5A-06B0-4457-9FC3-6D680C902FD2}.Release|Any CPU.Build.0 = Release|Any CPU
	EndGlobalSection
	GlobalSection(SolutionProperties) = preSolution
		HideSolutionNode = FALSE
	EndGlobalSection
	GlobalSection(ExtensibilityGlobals) = postSolution
		SolutionGuid = {94B15505-CC6D-473B-ABC8-233FF28C7CE2}
	EndGlobalSection
EndGlobal
