
Microsoft Visual Studio Solution File, Format Version 12.00
# Visual Studio Version 17
VisualStudioVersion = 17.10.34928.147
MinimumVisualStudioVersion = 10.0.40219.1
Project("{FAE04EC0-301F-11D3-BF4B-00C04F79EFBC}") = "DesignPatterns", "DesignPatterns\DesignPatterns.csproj", "{238E6689-A7D3-42D7-8A69-79EFEF10F6AB}"
EndProject
Project("{FAE04EC0-301F-11D3-BF4B-00C04F79EFBC}") = "Factory", "Factory\Factory.csproj", "{1F684C35-74B9-4FBC-8CD1-3B1A8FC9AA5F}"
EndProject
Project("{FAE04EC0-301F-11D3-BF4B-00C04F79EFBC}") = "Builder", "Builder\Builder.csproj", "{AED273C8-24F7-46CF-9685-F79B9B797416}"
EndProject
Project("{FAE04EC0-301F-11D3-BF4B-00C04F79EFBC}") = "Decorator", "Decorator\Decorator.csproj", "{3B2F9B5A-06B0-4457-9FC3-6D680C902FD2}"
EndProject
Project("{FAE04EC0-301F-11D3-BF4B-00C04F79EFBC}") = "Singleton", "Singleton\Singleton.csproj", "{AD814084-147C-4FAB-9D27-A139B43A683D}"
EndProject
Project("{FAE04EC0-301F-11D3-BF4B-00C04F79EFBC}") = "Adapter", "Adapter\Adapter.csproj", "{81AF64B5-8D77-4E74-BC57-05C11415BFCA}"
EndProject
Project("{FAE04EC0-301F-11D3-BF4B-00C04F79EFBC}") = "Proxy", "Proxy\Proxy.csproj", "{3F2EBAF5-C4FB-483C-9A77-0C9D4BC6C3CD}"
EndProject
Project("{FAE04EC0-301F-11D3-BF4B-00C04F79EFBC}") = "Bridge", "Bridge\Bridge.csproj", "{8C423907-7873-4F40-BA39-FA63F14894C2}"
EndProject
Global
	GlobalSection(SolutionConfigurationPlatforms) = preSolution
		Debug|Any CPU = Debug|Any CPU
		Release|Any CPU = Release|Any CPU
	EndGlobalSection
	GlobalSection(ProjectConfigurationPlatforms) = postSolution
		{238E6689-A7D3-42D7-8A69-79EFEF10F6AB}.Debug|Any CPU.ActiveCfg = Debug|Any CPU
		{238E6689-A7D3-42D7-8A69-79EFEF10F6AB}.Debug|Any CPU.Build.0 = Debug|Any CPU
		{238E6689-A7D3-42D7-8A69-79EFEF10F6AB}.Release|Any CPU.ActiveCfg = Release|Any CPU
		{238E6689-A7D3-42D7-8A69-79EFEF10F6AB}.Release|Any CPU.Build.0 = Release|Any CPU
		{1F684C35-74B9-4FBC-8CD1-3B1A8FC9AA5F}.Debug|Any CPU.ActiveCfg = Debug|Any CPU
		{1F684C35-74B9-4FBC-8CD1-3B1A8FC9AA5F}.Debug|Any CPU.Build.0 = Debug|Any CPU
		{1F684C35-74B9-4FBC-8CD1-3B1A8FC9AA5F}.Release|Any CPU.ActiveCfg = Release|Any CPU
		{1F684C35-74B9-4FBC-8CD1-3B1A8FC9AA5F}.Release|Any CPU.Build.0 = Release|Any CPU
		{AED273C8-24F7-46CF-9685-F79B9B797416}.Debug|Any CPU.ActiveCfg = Debug|Any CPU
		{AED273C8-24F7-46CF-9685-F79B9B797416}.Debug|Any CPU.Build.0 = Debug|Any CPU
		{AED273C8-24F7-46CF-9685-F79B9B797416}.Release|Any CPU.ActiveCfg = Release|Any CPU
		{AED273C8-24F7-46CF-9685-F79B9B797416}.Release|Any CPU.Build.0 = Release|Any CPU
		{3B2F9B5A-06B0-4457-9FC3-6D680C902FD2}.Debug|Any CPU.ActiveCfg = Debug|Any CPU
		{3B2F9B5A-06B0-4457-9FC3-6D680C902FD2}.Debug|Any CPU.Build.0 = Debug|Any CPU
		{3B2F9B5A-06B0-4457-9FC3-6D680C902FD2}.Release|Any CPU.ActiveCfg = Release|Any CPU
		{3B2F9B5A-06B0-4457-9FC3-6D680C902FD2}.Release|Any CPU.Build.0 = Release|Any CPU
		{AD814084-147C-4FAB-9D27-A139B43A683D}.Debug|Any CPU.ActiveCfg = Debug|Any CPU
		{AD814084-147C-4FAB-9D27-A139B43A683D}.Debug|Any CPU.Build.0 = Debug|Any CPU
		{AD814084-147C-4FAB-9D27-A139B43A683D}.Release|Any CPU.ActiveCfg = Release|Any CPU
		{AD814084-147C-4FAB-9D27-A139B43A683D}.Release|Any CPU.Build.0 = Release|Any CPU
		{81AF64B5-8D77-4E74-BC57-05C11415BFCA}.Debug|Any CPU.ActiveCfg = Debug|Any CPU
		{81AF64B5-8D77-4E74-BC57-05C11415BFCA}.Debug|Any CPU.Build.0 = Debug|Any CPU
		{81AF64B5-8D77-4E74-BC57-05C11415BFCA}.Release|Any CPU.ActiveCfg = Release|Any CPU
		{81AF64B5-8D77-4E74-BC57-05C11415BFCA}.Release|Any CPU.Build.0 = Release|Any CPU
		{3F2EBAF5-C4FB-483C-9A77-0C9D4BC6C3CD}.Debug|Any CPU.ActiveCfg = Debug|Any CPU
		{3F2EBAF5-C4FB-483C-9A77-0C9D4BC6C3CD}.Debug|Any CPU.Build.0 = Debug|Any CPU
		{3F2EBAF5-C4FB-483C-9A77-0C9D4BC6C3CD}.Release|Any CPU.ActiveCfg = Release|Any CPU
		{3F2EBAF5-C4FB-483C-9A77-0C9D4BC6C3CD}.Release|Any CPU.Build.0 = Release|Any CPU
		{8C423907-7873-4F40-BA39-FA63F14894C2}.Debug|Any CPU.ActiveCfg = Debug|Any CPU
		{8C423907-7873-4F40-BA39-FA63F14894C2}.Debug|Any CPU.Build.0 = Debug|Any CPU
		{8C423907-7873-4F40-BA39-FA63F14894C2}.Release|Any CPU.ActiveCfg = Release|Any CPU
		{8C423907-7873-4F40-BA39-FA63F14894C2}.Release|Any CPU.Build.0 = Release|Any CPU
	EndGlobalSection
	GlobalSection(SolutionProperties) = preSolution
		HideSolutionNode = FALSE
	EndGlobalSection
	GlobalSection(ExtensibilityGlobals) = postSolution
		SolutionGuid = {94B15505-CC6D-473B-ABC8-233FF28C7CE2}
	EndGlobalSection
EndGlobal
